<?xml version="1.0" encoding="utf-8"?>
<Project ToolsVersion="4.0" xmlns="http://schemas.microsoft.com/developer/msbuild/2003">
  <ItemGroup>
    <ClCompile Include="WeaselToyD11.cpp" />
    <ClCompile Include="lib\imgui.cpp">
      <Filter>imgui</Filter>
    </ClCompile>
    <ClCompile Include="lib\imgui_impl_dx11.cpp">
      <Filter>imgui</Filter>
    </ClCompile>
    <ClCompile Include="lib\imgui_impl_win32.cpp">
      <Filter>imgui</Filter>
    </ClCompile>
    <ClCompile Include="lib\imgui_demo.cpp">
      <Filter>imgui</Filter>
    </ClCompile>
    <ClCompile Include="lib\imgui_draw.cpp">
      <Filter>imgui</Filter>
    </ClCompile>
    <ClCompile Include="lib\imgui_widgets.cpp">
      <Filter>imgui</Filter>
    </ClCompile>
    <ClCompile Include="common\Buffer.cpp">
      <Filter>common</Filter>
    </ClCompile>
    <ClCompile Include="common\DDSTextureLoader.cpp">
      <Filter>common</Filter>
    </ClCompile>
    <ClCompile Include="common\Loader.cpp">
      <Filter>common</Filter>
    </ClCompile>
    <ClCompile Include="common\Textures.cpp">
      <Filter>common</Filter>
    </ClCompile>
    <ClCompile Include="ImGuiFileDialog.cpp" />
    <ClCompile Include="common\TextureLib.cpp">
      <Filter>common</Filter>
    </ClCompile>
    <ClCompile Include="common\FileIO.cpp" />
    <ClCompile Include="common\HelperFunction.cpp">
      <Filter>common</Filter>
    </ClCompile>
    <ClCompile Include="common\Shader.cpp">
      <Filter>common</Filter>
    </ClCompile>
    <ClCompile Include="common\ImGuiWindows.cpp">
      <Filter>common</Filter>
    </ClCompile>
    <ClCompile Include="common\RegisterHelper.cpp">
      <Filter>common</Filter>
    </ClCompile>
    <ClCompile Include="common\Reflection.cpp">
      <Filter>common</Filter>
    </ClCompile>
  </ItemGroup>
  <ItemGroup>
    <ClInclude Include="lib\imgui_impl_dx11.h">
      <Filter>imgui</Filter>
    </ClInclude>
    <ClInclude Include="lib\imconfig.h">
      <Filter>imgui</Filter>
    </ClInclude>
    <ClInclude Include="lib\imgui.h">
      <Filter>imgui</Filter>
    </ClInclude>
    <ClInclude Include="lib\imgui_impl_win32.h">
      <Filter>imgui</Filter>
    </ClInclude>
    <ClInclude Include="lib\imgui_internal.h">
      <Filter>imgui</Filter>
    </ClInclude>
    <ClInclude Include="lib\imstb_rectpack.h">
      <Filter>imgui</Filter>
    </ClInclude>
    <ClInclude Include="lib\imstb_textedit.h">
      <Filter>imgui</Filter>
    </ClInclude>
    <ClInclude Include="lib\imstb_truetype.h">
      <Filter>imgui</Filter>
    </ClInclude>
    <ClInclude Include="common\type\Resource.h">
      <Filter>common\type</Filter>
    </ClInclude>
    <ClInclude Include="common\type\Channel.h">
      <Filter>common\type</Filter>
    </ClInclude>
    <ClInclude Include="common\type\ConstantBuffer.h">
      <Filter>common\type</Filter>
    </ClInclude>
    <ClInclude Include="common\Buffer.h">
      <Filter>common</Filter>
    </ClInclude>
    <ClInclude Include="common\DDSTextureLoader.h">
      <Filter>common</Filter>
    </ClInclude>
    <ClInclude Include="common\HelperFunction.h">
      <Filter>common</Filter>
    </ClInclude>
    <ClInclude Include="common\Loader.h">
      <Filter>common</Filter>
    </ClInclude>
    <ClInclude Include="common\Shader.h">
      <Filter>common</Filter>
    </ClInclude>
    <ClInclude Include="common\Textures.h">
      <Filter>common</Filter>
    </ClInclude>
    <ClInclude Include="ImGuiFileDialog.h" />
    <ClInclude Include="dirent\dirent.h">
      <Filter>dirent</Filter>
    </ClInclude>
    <ClInclude Include="common\TextureLib.h">
      <Filter>common</Filter>
    </ClInclude>
    <ClInclude Include="common\FileIO.h" />
    <ClInclude Include="common\ImGuiWindows.h">
      <Filter>common</Filter>
    </ClInclude>
    <ClInclude Include="common\RegisterHelper.h">
      <Filter>common</Filter>
    </ClInclude>
    <ClInclude Include="common\type\HashDefines.h">
      <Filter>common\type</Filter>
    </ClInclude>
    <ClInclude Include="common\Reflection.h">
      <Filter>common</Filter>
    </ClInclude>
  </ItemGroup>
  <ItemGroup>
    <Filter Include="common">
      <UniqueIdentifier>{cb942600-748a-49e2-bde9-3aafb34bade5}</UniqueIdentifier>
    </Filter>
    <Filter Include="imgui">
      <UniqueIdentifier>{f2ae7376-e86e-4c0b-9f13-8f71ec92afea}</UniqueIdentifier>
    </Filter>
    <Filter Include="common\type">
      <UniqueIdentifier>{76391d28-2dd5-4193-863b-11710e83963d}</UniqueIdentifier>
    </Filter>
    <Filter Include="dirent">
      <UniqueIdentifier>{560ee03d-2c47-4ac9-b565-387bc1d6f1f8}</UniqueIdentifier>
    </Filter>
  </ItemGroup>
  <ItemGroup>
    <None Include="packages.config" />
  </ItemGroup>
</Project>